Microsoft Visual Studio Solution File, Format Version 12.00
# Visual Studio Version 17
VisualStudioVersion = 17.5.2.0
MinimumVisualStudioVersion = 10.0.40219.1
Project("{2150E333-8FDC-42A3-9474-1A3956D46DE8}") = "webapi", "webapi", "{6EDC7094-E22D-CF10-605B-B42C7FB8B0A8}"
EndProject
Project("{2150E333-8FDC-42A3-9474-1A3956D46DE8}") = "ExampleProjectPersistence", "ExampleProjectPersistence", "{89009AE5-1AB6-04DC-0A6E-47384307E0F9}"
EndProject
Project("{FAE04EC0-301F-11D3-BF4B-00C04F79EFBC}") = "ProjectMap.WebApi", "webapi\ExampleProjectPersistence\ProjectMap.WebApi\ProjectMap.WebApi.csproj", "{1B544F18-DCCC-05DF-A5B3-EFC2AF6421FF}"
EndProject
Global
	GlobalSection(SolutionConfigurationPlatforms) = preSolution
		Debug|Any CPU = Debug|Any CPU
		Release|Any CPU = Release|Any CPU
	EndGlobalSection
	GlobalSection(ProjectConfigurationPlatforms) = postSolution
		{1B544F18-DCCC-05DF-A5B3-EFC2AF6421FF}.Debug|Any CPU.ActiveCfg = Debug|Any CPU
		{1B544F18-DCCC-05DF-A5B3-EFC2AF6421FF}.Debug|Any CPU.Build.0 = Debug|Any CPU
		{1B544F18-DCCC-05DF-A5B3-EFC2AF6421FF}.Release|Any CPU.ActiveCfg = Release|Any CPU
		{1B544F18-DCCC-05DF-A5B3-EFC2AF6421FF}.Release|Any CPU.Build.0 = Release|Any CPU
	EndGlobalSection
	GlobalSection(SolutionProperties) = preSolution
		HideSolutionNode = FALSE
	EndGlobalSection
	GlobalSection(NestedProjects) = preSolution
		{89009AE5-1AB6-04DC-0A6E-47384307E0F9} = {6EDC7094-E22D-CF10-605B-B42C7FB8B0A8}
		{1B544F18-DCCC-05DF-A5B3-EFC2AF6421FF} = {89009AE5-1AB6-04DC-0A6E-47384307E0F9}
	EndGlobalSection
	GlobalSection(ExtensibilityGlobals) = postSolution
		SolutionGuid = {6F7CE0AC-AC39-4AA3-BA32-54F62BE4A3C8}
	EndGlobalSection
EndGlobal
