Microsoft Visual Studio Solution File, Format Version 12.00
# Visual Studio Version 17
VisualStudioVersion = 17.5.2.0
MinimumVisualStudioVersion = 10.0.40219.1
Project("{2150E333-8FDC-42A3-9474-1A3956D46DE8}") = "01_webapi", "01_webapi", "{AB57521E-A178-0D9F-5CE6-D6BC5799369E}"
EndProject
Project("{2150E333-8FDC-42A3-9474-1A3956D46DE8}") = "ExampleProjectPersistence", "ExampleProjectPersistence", "{BD2DDB20-671E-6312-0636-89F7D54ADB81}"
EndProject
Project("{FAE04EC0-301F-11D3-BF4B-00C04F79EFBC}") = "ProjectMap.WebApi", "01_webapi\ExampleProjectPersistence\ProjectMap.WebApi\ProjectMap.WebApi.csproj", "{2CA695A7-0A86-5D37-464A-088D90213839}"
EndProject
Global
	GlobalSection(SolutionConfigurationPlatforms) = preSolution
		Debug|Any CPU = Debug|Any CPU
		Release|Any CPU = Release|Any CPU
	EndGlobalSection
	GlobalSection(ProjectConfigurationPlatforms) = postSolution
		{2CA695A7-0A86-5D37-464A-088D90213839}.Debug|Any CPU.ActiveCfg = Debug|Any CPU
		{2CA695A7-0A86-5D37-464A-088D90213839}.Debug|Any CPU.Build.0 = Debug|Any CPU
		{2CA695A7-0A86-5D37-464A-088D90213839}.Release|Any CPU.ActiveCfg = Release|Any CPU
		{2CA695A7-0A86-5D37-464A-088D90213839}.Release|Any CPU.Build.0 = Release|Any CPU
	EndGlobalSection
	GlobalSection(SolutionProperties) = preSolution
		HideSolutionNode = FALSE
	EndGlobalSection
	GlobalSection(NestedProjects) = preSolution
		{BD2DDB20-671E-6312-0636-89F7D54ADB81} = {AB57521E-A178-0D9F-5CE6-D6BC5799369E}
		{2CA695A7-0A86-5D37-464A-088D90213839} = {BD2DDB20-671E-6312-0636-89F7D54ADB81}
	EndGlobalSection
	GlobalSection(ExtensibilityGlobals) = postSolution
		SolutionGuid = {864DAB66-2A68-4547-A1CF-A9F5CD5D8887}
	EndGlobalSection
EndGlobal
